
Microsoft Visual Studio Solution File, Format Version 12.00
# Visual Studio 15
VisualStudioVersion = 15.0.27703.2000
MinimumVisualStudioVersion = 10.0.40219.1
Project("{FAE04EC0-301F-11D3-BF4B-00C04F79EFBC}") = "x2DGameWindow", "x2DGameWindow\x2DGameWindow.csproj", "{7F7B883F-2EF5-4E6A-9D5F-04A46CDB7EB1}"
EndProject
Project("{FAE04EC0-301F-11D3-BF4B-00C04F79EFBC}") = "x2DAudio", "x2DAudio\x2DAudio.csproj", "{9E321B0E-CC62-4712-B53D-CEDA8F2A24D1}"
EndProject
Project("{FAE04EC0-301F-11D3-BF4B-00C04F79EFBC}") = "x2DMandelbrot", "x2DMandelbrot\x2DMandelbrot.csproj", "{C19FCA26-F1CD-40B4-8B95-602D0CF907E2}"
EndProject
Project("{FAE04EC0-301F-11D3-BF4B-00C04F79EFBC}") = "x2DShader", "x2DShader\x2DShader.csproj", "{C951B890-175C-4E99-AB89-58733423680E}"
EndProject
Project("{FAE04EC0-301F-11D3-BF4B-00C04F79EFBC}") = "x2DShaders", "x2DShaders\x2DShaders.csproj", "{2BDC909C-687D-4592-86FD-BC50C1AA7238}"
EndProject
Project("{FAE04EC0-301F-11D3-BF4B-00C04F79EFBC}") = "x2DMandelbrotShader", "x2DMandelbrotShader\x2DMandelbrotShader.csproj", "{A3C40455-46FE-45BE-8956-A7E5F7698FFB}"
EndProject
Project("{FAE04EC0-301F-11D3-BF4B-00C04F79EFBC}") = "x2DTextures", "x2DTextures\x2DTextures.csproj", "{95BCA05B-74FD-4077-9FEF-2E403D1A8416}"
EndProject
Project("{FAE04EC0-301F-11D3-BF4B-00C04F79EFBC}") = "x2DMultipleTextures", "x2DMultipleTextures\x2DMultipleTextures.csproj", "{5D36B120-7244-4EEF-87CB-34B2E94D7960}"
EndProject
Project("{FAE04EC0-301F-11D3-BF4B-00C04F79EFBC}") = "x2DTraspose", "x2DTraspose\x2DTraspose.csproj", "{311005F1-A01D-4A3A-A7E9-11ED4A7C11A7}"
EndProject
Global
	GlobalSection(SolutionConfigurationPlatforms) = preSolution
		Debug|Any CPU = Debug|Any CPU
		Release|Any CPU = Release|Any CPU
	EndGlobalSection
	GlobalSection(ProjectConfigurationPlatforms) = postSolution
		{7F7B883F-2EF5-4E6A-9D5F-04A46CDB7EB1}.Debug|Any CPU.ActiveCfg = Debug|Any CPU
		{7F7B883F-2EF5-4E6A-9D5F-04A46CDB7EB1}.Debug|Any CPU.Build.0 = Debug|Any CPU
		{7F7B883F-2EF5-4E6A-9D5F-04A46CDB7EB1}.Release|Any CPU.ActiveCfg = Release|Any CPU
		{7F7B883F-2EF5-4E6A-9D5F-04A46CDB7EB1}.Release|Any CPU.Build.0 = Release|Any CPU
		{9E321B0E-CC62-4712-B53D-CEDA8F2A24D1}.Debug|Any CPU.ActiveCfg = Debug|Any CPU
		{9E321B0E-CC62-4712-B53D-CEDA8F2A24D1}.Debug|Any CPU.Build.0 = Debug|Any CPU
		{9E321B0E-CC62-4712-B53D-CEDA8F2A24D1}.Release|Any CPU.ActiveCfg = Release|Any CPU
		{9E321B0E-CC62-4712-B53D-CEDA8F2A24D1}.Release|Any CPU.Build.0 = Release|Any CPU
		{C19FCA26-F1CD-40B4-8B95-602D0CF907E2}.Debug|Any CPU.ActiveCfg = Debug|Any CPU
		{C19FCA26-F1CD-40B4-8B95-602D0CF907E2}.Debug|Any CPU.Build.0 = Debug|Any CPU
		{C19FCA26-F1CD-40B4-8B95-602D0CF907E2}.Release|Any CPU.ActiveCfg = Release|Any CPU
		{C19FCA26-F1CD-40B4-8B95-602D0CF907E2}.Release|Any CPU.Build.0 = Release|Any CPU
		{C951B890-175C-4E99-AB89-58733423680E}.Debug|Any CPU.ActiveCfg = Debug|Any CPU
		{C951B890-175C-4E99-AB89-58733423680E}.Debug|Any CPU.Build.0 = Debug|Any CPU
		{C951B890-175C-4E99-AB89-58733423680E}.Release|Any CPU.ActiveCfg = Release|Any CPU
		{C951B890-175C-4E99-AB89-58733423680E}.Release|Any CPU.Build.0 = Release|Any CPU
		{2BDC909C-687D-4592-86FD-BC50C1AA7238}.Debug|Any CPU.ActiveCfg = Debug|Any CPU
		{2BDC909C-687D-4592-86FD-BC50C1AA7238}.Debug|Any CPU.Build.0 = Debug|Any CPU
		{2BDC909C-687D-4592-86FD-BC50C1AA7238}.Release|Any CPU.ActiveCfg = Release|Any CPU
		{2BDC909C-687D-4592-86FD-BC50C1AA7238}.Release|Any CPU.Build.0 = Release|Any CPU
		{A3C40455-46FE-45BE-8956-A7E5F7698FFB}.Debug|Any CPU.ActiveCfg = Debug|Any CPU
		{A3C40455-46FE-45BE-8956-A7E5F7698FFB}.Debug|Any CPU.Build.0 = Debug|Any CPU
		{A3C40455-46FE-45BE-8956-A7E5F7698FFB}.Release|Any CPU.ActiveCfg = Release|Any CPU
		{A3C40455-46FE-45BE-8956-A7E5F7698FFB}.Release|Any CPU.Build.0 = Release|Any CPU
		{95BCA05B-74FD-4077-9FEF-2E403D1A8416}.Debug|Any CPU.ActiveCfg = Debug|Any CPU
		{95BCA05B-74FD-4077-9FEF-2E403D1A8416}.Debug|Any CPU.Build.0 = Debug|Any CPU
		{95BCA05B-74FD-4077-9FEF-2E403D1A8416}.Release|Any CPU.ActiveCfg = Release|Any CPU
		{95BCA05B-74FD-4077-9FEF-2E403D1A8416}.Release|Any CPU.Build.0 = Release|Any CPU
		{5D36B120-7244-4EEF-87CB-34B2E94D7960}.Debug|Any CPU.ActiveCfg = Debug|Any CPU
		{5D36B120-7244-4EEF-87CB-34B2E94D7960}.Debug|Any CPU.Build.0 = Debug|Any CPU
		{5D36B120-7244-4EEF-87CB-34B2E94D7960}.Release|Any CPU.ActiveCfg = Release|Any CPU
		{5D36B120-7244-4EEF-87CB-34B2E94D7960}.Release|Any CPU.Build.0 = Release|Any CPU
		{311005F1-A01D-4A3A-A7E9-11ED4A7C11A7}.Debug|Any CPU.ActiveCfg = Debug|Any CPU
		{311005F1-A01D-4A3A-A7E9-11ED4A7C11A7}.Debug|Any CPU.Build.0 = Debug|Any CPU
		{311005F1-A01D-4A3A-A7E9-11ED4A7C11A7}.Release|Any CPU.ActiveCfg = Release|Any CPU
		{311005F1-A01D-4A3A-A7E9-11ED4A7C11A7}.Release|Any CPU.Build.0 = Release|Any CPU
	EndGlobalSection
	GlobalSection(SolutionProperties) = preSolution
		HideSolutionNode = FALSE
	EndGlobalSection
	GlobalSection(ExtensibilityGlobals) = postSolution
		SolutionGuid = {AFB387C2-2860-47BB-8644-A254D3A58F95}
	EndGlobalSection
EndGlobal
